
Microsoft Visual Studio Solution File, Format Version 12.00
# Visual Studio Version 17
VisualStudioVersion = 17.1.32407.343
MinimumVisualStudioVersion = 10.0.40219.1
Project("{FAE04EC0-301F-11D3-BF4B-00C04F79EFBC}") = "Exec_Game1A2B", "Exec_Game1A2B.csproj", "{197E68D3-66A3-4781-BF62-51EF80E21A98}"
EndProject
Project("{FAE04EC0-301F-11D3-BF4B-00C04F79EFBC}") = "Exec2_DiceGame", "..\Exec2_DiceGame\Exec2_DiceGame.csproj", "{D6296422-6942-4EA7-80EE-ACEA355952EA}"
EndProject
Global
	GlobalSection(SolutionConfigurationPlatforms) = preSolution
		Debug|Any CPU = Debug|Any CPU
		Release|Any CPU = Release|Any CPU
	EndGlobalSection
	GlobalSection(ProjectConfigurationPlatforms) = postSolution
		{197E68D3-66A3-4781-BF62-51EF80E21A98}.Debug|Any CPU.ActiveCfg = Debug|Any CPU
		{197E68D3-66A3-4781-BF62-51EF80E21A98}.Debug|Any CPU.Build.0 = Debug|Any CPU
		{197E68D3-66A3-4781-BF62-51EF80E21A98}.Release|Any CPU.ActiveCfg = Release|Any CPU
		{197E68D3-66A3-4781-BF62-51EF80E21A98}.Release|Any CPU.Build.0 = Release|Any CPU
		{D6296422-6942-4EA7-80EE-ACEA355952EA}.Debug|Any CPU.ActiveCfg = Debug|Any CPU
		{D6296422-6942-4EA7-80EE-ACEA355952EA}.Debug|Any CPU.Build.0 = Debug|Any CPU
		{D6296422-6942-4EA7-80EE-ACEA355952EA}.Release|Any CPU.ActiveCfg = Release|Any CPU
		{D6296422-6942-4EA7-80EE-ACEA355952EA}.Release|Any CPU.Build.0 = Release|Any CPU
	EndGlobalSection
	GlobalSection(SolutionProperties) = preSolution
		HideSolutionNode = FALSE
	EndGlobalSection
	GlobalSection(ExtensibilityGlobals) = postSolution
		SolutionGuid = {7072C19A-8547-4C6A-B42D-900FDBD12E39}
	EndGlobalSection
EndGlobal
